// !$*UTF8*$!
{
	archiveVersion = 1;
	classes = {
	};
	objectVersion = 56;
	objects = {

/* Begin PBXBuildFile section */
		99EC7BBD28D8BB3B000DC8E2 /* ShapeMorphingAnimationApp.swift in Sources */ = {isa = PBXBuildFile; fileRef = 99EC7BBC28D8BB3B000DC8E2 /* ShapeMorphingAnimationApp.swift */; };
		99EC7BBF28D8BB3B000DC8E2 /* ContentView.swift in Sources */ = {isa = PBXBuildFile; fileRef = 99EC7BBE28D8BB3B000DC8E2 /* ContentView.swift */; };
		99EC7BC128D8BB3D000DC8E2 /* Assets.xcassets in Resources */ = {isa = PBXBuildFile; fileRef = 99EC7BC028D8BB3D000DC8E2 /* Assets.xcassets */; };
		99EC7BC428D8BB3D000DC8E2 /* Preview Assets.xcassets in Resources */ = {isa = PBXBuildFile; fileRef = 99EC7BC328D8BB3D000DC8E2 /* Preview Assets.xcassets */; };
		99EC7BCF28D8BC45000DC8E2 /* MorphingView.swift in Sources */ = {isa = PBXBuildFile; fileRef = 99EC7BCE28D8BC45000DC8E2 /* MorphingView.swift */; };
		99EC7BD128D8BDB6000DC8E2 /* CustomShape.swift in Sources */ = {isa = PBXBuildFile; fileRef = 99EC7BD028D8BDB6000DC8E2 /* CustomShape.swift */; };
/* End PBXBuildFile section */

/* Begin PBXFileReference section */
		99EC7BB928D8BB3B000DC8E2 /* ShapeMorphingAnimation.app */ = {isa = PBXFileReference; explicitFileType = wrapper.application; includeInIndex = 0; path = ShapeMorphingAnimation.app; sourceTree = BUILT_PRODUCTS_DIR; };
		99EC7BBC28D8BB3B000DC8E2 /* ShapeMorphingAnimationApp.swift */ = {isa = PBXFileReference; lastKnownFileType = sourcecode.swift; path = ShapeMorphingAnimationApp.swift; sourceTree = "<group>"; };
		99EC7BBE28D8BB3B000DC8E2 /* ContentView.swift */ = {isa = PBXFileReference; lastKnownFileType = sourcecode.swift; path = ContentView.swift; sourceTree = "<group>"; };
		99EC7BC028D8BB3D000DC8E2 /* Assets.xcassets */ = {isa = PBXFileReference; lastKnownFileType = folder.assetcatalog; path = Assets.xcassets; sourceTree = "<group>"; };
		99EC7BC328D8BB3D000DC8E2 /* Preview Assets.xcassets */ = {isa = PBXFileReference; lastKnownFileType = folder.assetcatalog; path = "Preview Assets.xcassets"; sourceTree = "<group>"; };
		99EC7BCE28D8BC45000DC8E2 /* MorphingView.swift */ = {isa = PBXFileReference; lastKnownFileType = sourcecode.swift; path = MorphingView.swift; sourceTree = "<group>"; };
		99EC7BD028D8BDB6000DC8E2 /* CustomShape.swift */ = {isa = PBXFileReference; lastKnownFileType = sourcecode.swift; path = CustomShape.swift; sourceTree = "<group>"; };
/* End PBXFileReference section */

/* Begin PBXFrameworksBuildPhase section */
		99EC7BB628D8BB3B000DC8E2 /* Frameworks */ = {
			isa = PBXFrameworksBuildPhase;
			buildActionMask = 2147483647;
			files = (
			);
			runOnlyForDeploymentPostprocessing = 0;
		};
/* End PBXFrameworksBuildPhase section */

/* Begin PBXGroup section */
		99EC7BB028D8BB3B000DC8E2 = {
			isa = PBXGroup;
			children = (
				99EC7BBB28D8BB3B000DC8E2 /* ShapeMorphingAnimation */,
				99EC7BBA28D8BB3B000DC8E2 /* Products */,
			);
			sourceTree = "<group>";
		};
		99EC7BBA28D8BB3B000DC8E2 /* Products */ = {
			isa = PBXGroup;
			children = (
				99EC7BB928D8BB3B000DC8E2 /* ShapeMorphingAnimation.app */,
			);
			name = Products;
			sourceTree = "<group>";
		};
		99EC7BBB28D8BB3B000DC8E2 /* ShapeMorphingAnimation */ = {
			isa = PBXGroup;
			children = (
				99EC7BBC28D8BB3B000DC8E2 /* ShapeMorphingAnimationApp.swift */,
				99EC7BBE28D8BB3B000DC8E2 /* ContentView.swift */,
				99EC7BCD28D8BC0A000DC8E2 /* View */,
				99EC7BCC28D8BC04000DC8E2 /* Model */,
				99EC7BC028D8BB3D000DC8E2 /* Assets.xcassets */,
				99EC7BC228D8BB3D000DC8E2 /* Preview Content */,
			);
			path = ShapeMorphingAnimation;
			sourceTree = "<group>";
		};
		99EC7BC228D8BB3D000DC8E2 /* Preview Content */ = {
			isa = PBXGroup;
			children = (
				99EC7BC328D8BB3D000DC8E2 /* Preview Assets.xcassets */,
			);
			path = "Preview Content";
			sourceTree = "<group>";
		};
		99EC7BCC28D8BC04000DC8E2 /* Model */ = {
			isa = PBXGroup;
			children = (
				99EC7BD028D8BDB6000DC8E2 /* CustomShape.swift */,
			);
			path = Model;
			sourceTree = "<group>";
		};
		99EC7BCD28D8BC0A000DC8E2 /* View */ = {
			isa = PBXGroup;
			children = (
				99EC7BCE28D8BC45000DC8E2 /* MorphingView.swift */,
			);
			path = View;
			sourceTree = "<group>";
		};
/* End PBXGroup section */

/* Begin PBXNativeTarget section */
		99EC7BB828D8BB3B000DC8E2 /* ShapeMorphingAnimation */ = {
			isa = PBXNativeTarget;
			buildConfigurationList = 99EC7BC728D8BB3D000DC8E2 /* Build configuration list for PBXNativeTarget "ShapeMorphingAnimation" */;
			buildPhases = (
				99EC7BB528D8BB3B000DC8E2 /* Sources */,
				99EC7BB628D8BB3B000DC8E2 /* Frameworks */,
				99EC7BB728D8BB3B000DC8E2 /* Resources */,
			);
			buildRules = (
			);
			dependencies = (
			);
			name = ShapeMorphingAnimation;
			productName = ShapeMorphingAnimation;
			productReference = 99EC7BB928D8BB3B000DC8E2 /* ShapeMorphingAnimation.app */;
			productType = "com.apple.product-type.application";
		};
/* End PBXNativeTarget section */

/* Begin PBXProject section */
		99EC7BB128D8BB3B000DC8E2 /* Project object */ = {
			isa = PBXProject;
			attributes = {
				BuildIndependentTargetsInParallel = 1;
				LastSwiftUpdateCheck = 1400;
				LastUpgradeCheck = 1400;
				TargetAttributes = {
					99EC7BB828D8BB3B000DC8E2 = {
						CreatedOnToolsVersion = 14.0;
					};
				};
			};
			buildConfigurationList = 99EC7BB428D8BB3B000DC8E2 /* Build configuration list for PBXProject "ShapeMorphingAnimation" */;
			compatibilityVersion = "Xcode 14.0";
			developmentRegion = en;
			hasScannedForEncodings = 0;
			knownRegions = (
				en,
				Base,
			);
			mainGroup = 99EC7BB028D8BB3B000DC8E2;
			productRefGroup = 99EC7BBA28D8BB3B000DC8E2 /* Products */;
			projectDirPath = "";
			projectRoot = "";
			targets = (
				99EC7BB828D8BB3B000DC8E2 /* ShapeMorphingAnimation */,
			);
		};
/* End PBXProject section */

/* Begin PBXResourcesBuildPhase section */
		99EC7BB728D8BB3B000DC8E2 /* Resources */ = {
			isa = PBXResourcesBuildPhase;
			buildActionMask = 2147483647;
			files = (
				99EC7BC428D8BB3D000DC8E2 /* Preview Assets.xcassets in Resources */,
				99EC7BC128D8BB3D000DC8E2 /* Assets.xcassets in Resources */,
			);
			runOnlyForDeploymentPostprocessing = 0;
		};
/* End PBXResourcesBuildPhase section */

/* Begin PBXSourcesBuildPhase section */
		99EC7BB528D8BB3B000DC8E2 /* Sources */ = {
			isa = PBXSourcesBuildPhase;
			buildActionMask = 2147483647;
			files = (
				99EC7BD128D8BDB6000DC8E2 /* CustomShape.swift in Sources */,
				99EC7BBF28D8BB3B000DC8E2 /* ContentView.swift in Sources */,
				99EC7BCF28D8BC45000DC8E2 /* MorphingView.swift in Sources */,
				99EC7BBD28D8BB3B000DC8E2 /* ShapeMorphingAnimationApp.swift in Sources */,
			);
			runOnlyForDeploymentPostprocessing = 0;
		};
/* End PBXSourcesBuildPhase section */

/* Begin XCBuildConfiguration section */
		99EC7BC528D8BB3D000DC8E2 /* Debug */ = {
			isa = XCBuildConfiguration;
			buildSettings = {
				ALWAYS_SEARCH_USER_PATHS = NO;
				CLANG_ANALYZER_NONNULL = YES;
				CLANG_ANALYZER_NUMBER_OBJECT_CONVERSION = YES_AGGRESSIVE;
				CLANG_CXX_LANGUAGE_STANDARD = "gnu++20";
				CLANG_ENABLE_MODULES = YES;
				CLANG_ENABLE_OBJC_ARC = YES;
				CLANG_ENABLE_OBJC_WEAK = YES;
				CLANG_WARN_BLOCK_CAPTURE_AUTORELEASING = YES;
				CLANG_WARN_BOOL_CONVERSION = YES;
				CLANG_WARN_COMMA = YES;
				CLANG_WARN_CONSTANT_CONVERSION = YES;
				CLANG_WARN_DEPRECATED_OBJC_IMPLEMENTATIONS = YES;
				CLANG_WARN_DIRECT_OBJC_ISA_USAGE = YES_ERROR;
				CLANG_WARN_DOCUMENTATION_COMMENTS = YES;
				CLANG_WARN_EMPTY_BODY = YES;
				CLANG_WARN_ENUM_CONVERSION = YES;
				CLANG_WARN_INFINITE_RECURSION = YES;
				CLANG_WARN_INT_CONVERSION = YES;
				CLANG_WARN_NON_LITERAL_NULL_CONVERSION = YES;
				CLANG_WARN_OBJC_IMPLICIT_RETAIN_SELF = YES;
				CLANG_WARN_OBJC_LITERAL_CONVERSION = YES;
				CLANG_WARN_OBJC_ROOT_CLASS = YES_ERROR;
				CLANG_WARN_QUOTED_INCLUDE_IN_FRAMEWORK_HEADER = YES;
				CLANG_WARN_RANGE_LOOP_ANALYSIS = YES;
				CLANG_WARN_STRICT_PROTOTYPES = YES;
				CLANG_WARN_SUSPICIOUS_MOVE = YES;
				CLANG_WARN_UNGUARDED_AVAILABILITY = YES_AGGRESSIVE;
				CLANG_WARN_UNREACHABLE_CODE = YES;
				CLANG_WARN__DUPLICATE_METHOD_MATCH = YES;
				COPY_PHASE_STRIP = NO;
				DEBUG_INFORMATION_FORMAT = dwarf;
				ENABLE_STRICT_OBJC_MSGSEND = YES;
				ENABLE_TESTABILITY = YES;
				GCC_C_LANGUAGE_STANDARD = gnu11;
				GCC_DYNAMIC_NO_PIC = NO;
				GCC_NO_COMMON_BLOCKS = YES;
				GCC_OPTIMIZATION_LEVEL = 0;
				GCC_PREPROCESSOR_DEFINITIONS = (
					"DEBUG=1",
					"$(inherited)",
				);
				GCC_WARN_64_TO_32_BIT_CONVERSION = YES;
				GCC_WARN_ABOUT_RETURN_TYPE = YES_ERROR;
				GCC_WARN_UNDECLARED_SELECTOR = YES;
				GCC_WARN_UNINITIALIZED_AUTOS = YES_AGGRESSIVE;
				GCC_WARN_UNUSED_FUNCTION = YES;
				GCC_WARN_UNUSED_VARIABLE = YES;
				IPHONEOS_DEPLOYMENT_TARGET = 16.0;
				MTL_ENABLE_DEBUG_INFO = INCLUDE_SOURCE;
				MTL_FAST_MATH = YES;
				ONLY_ACTIVE_ARCH = YES;
				SDKROOT = iphoneos;
				SWIFT_ACTIVE_COMPILATION_CONDITIONS = DEBUG;
				SWIFT_OPTIMIZATION_LEVEL = "-Onone";
			};
			name = Debug;
		};
		99EC7BC628D8BB3D000DC8E2 /* Release */ = {
			isa = XCBuildConfiguration;
			buildSettings = {
				ALWAYS_SEARCH_USER_PATHS = NO;
				CLANG_ANALYZER_NONNULL = YES;
				CLANG_ANALYZER_NUMBER_OBJECT_CONVERSION = YES_AGGRESSIVE;
				CLANG_CXX_LANGUAGE_STANDARD = "gnu++20";
				CLANG_ENABLE_MODULES = YES;
				CLANG_ENABLE_OBJC_ARC = YES;
				CLANG_ENABLE_OBJC_WEAK = YES;
				CLANG_WARN_BLOCK_CAPTURE_AUTORELEASING = YES;
				CLANG_WARN_BOOL_CONVERSION = YES;
				CLANG_WARN_COMMA = YES;
				CLANG_WARN_CONSTANT_CONVERSION = YES;
				CLANG_WARN_DEPRECATED_OBJC_IMPLEMENTATIONS = YES;
				CLANG_WARN_DIRECT_OBJC_ISA_USAGE = YES_ERROR;
				CLANG_WARN_DOCUMENTATION_COMMENTS = YES;
				CLANG_WARN_EMPTY_BODY = YES;
				CLANG_WARN_ENUM_CONVERSION = YES;
				CLANG_WARN_INFINITE_RECURSION = YES;
				CLANG_WARN_INT_CONVERSION = YES;
				CLANG_WARN_NON_LITERAL_NULL_CONVERSION = YES;
				CLANG_WARN_OBJC_IMPLICIT_RETAIN_SELF = YES;
				CLANG_WARN_OBJC_LITERAL_CONVERSION = YES;
				CLANG_WARN_OBJC_ROOT_CLASS = YES_ERROR;
				CLANG_WARN_QUOTED_INCLUDE_IN_FRAMEWORK_HEADER = YES;
				CLANG_WARN_RANGE_LOOP_ANALYSIS = YES;
				CLANG_WARN_STRICT_PROTOTYPES = YES;
				CLANG_WARN_SUSPICIOUS_MOVE = YES;
				CLANG_WARN_UNGUARDED_AVAILABILITY = YES_AGGRESSIVE;
				CLANG_WARN_UNREACHABLE_CODE = YES;
				CLANG_WARN__DUPLICATE_METHOD_MATCH = YES;
				COPY_PHASE_STRIP = NO;
				DEBUG_INFORMATION_FORMAT = "dwarf-with-dsym";
				ENABLE_NS_ASSERTIONS = NO;
				ENABLE_STRICT_OBJC_MSGSEND = YES;
				GCC_C_LANGUAGE_STANDARD = gnu11;
				GCC_NO_COMMON_BLOCKS = YES;
				GCC_WARN_64_TO_32_BIT_CONVERSION = YES;
				GCC_WARN_ABOUT_RETURN_TYPE = YES_ERROR;
				GCC_WARN_UNDECLARED_SELECTOR = YES;
				GCC_WARN_UNINITIALIZED_AUTOS = YES_AGGRESSIVE;
				GCC_WARN_UNUSED_FUNCTION = YES;
				GCC_WARN_UNUSED_VARIABLE = YES;
				IPHONEOS_DEPLOYMENT_TARGET = 16.0;
				MTL_ENABLE_DEBUG_INFO = NO;
				MTL_FAST_MATH = YES;
				SDKROOT = iphoneos;
				SWIFT_COMPILATION_MODE = wholemodule;
				SWIFT_OPTIMIZATION_LEVEL = "-O";
				VALIDATE_PRODUCT = YES;
			};
			name = Release;
		};
		99EC7BC828D8BB3D000DC8E2 /* Debug */ = {
			isa = XCBuildConfiguration;
			buildSettings = {
				ASSETCATALOG_COMPILER_APPICON_NAME = AppIcon;
				ASSETCATALOG_COMPILER_GLOBAL_ACCENT_COLOR_NAME = AccentColor;
				CODE_SIGN_STYLE = Automatic;
				CURRENT_PROJECT_VERSION = 1;
				DEVELOPMENT_ASSET_PATHS = "\"ShapeMorphingAnimation/Preview Content\"";
				DEVELOPMENT_TEAM = X68879DLV5;
				ENABLE_PREVIEWS = YES;
				GENERATE_INFOPLIST_FILE = YES;
				INFOPLIST_KEY_UIApplicationSceneManifest_Generation = YES;
				INFOPLIST_KEY_UIApplicationSupportsIndirectInputEvents = YES;
				INFOPLIST_KEY_UILaunchScreen_Generation = YES;
				INFOPLIST_KEY_UISupportedInterfaceOrientations_iPad = "UIInterfaceOrientationPortrait UIInterfaceOrientationPortraitUpsideDown UIInterfaceOrientationLandscapeLeft UIInterfaceOrientationLandscapeRight";
				INFOPLIST_KEY_UISupportedInterfaceOrientations_iPhone = "UIInterfaceOrientationPortrait UIInterfaceOrientationLandscapeLeft UIInterfaceOrientationLandscapeRight";
				LD_RUNPATH_SEARCH_PATHS = (
					"$(inherited)",
					"@executable_path/Frameworks",
				);
				MARKETING_VERSION = 1.0;
				PRODUCT_BUNDLE_IDENTIFIER = com.bowtie.ShapeMorphingAnimation;
				PRODUCT_NAME = "$(TARGET_NAME)";
				SWIFT_EMIT_LOC_STRINGS = YES;
				SWIFT_VERSION = 5.0;
				TARGETED_DEVICE_FAMILY = "1,2";
			};
			name = Debug;
		};
		99EC7BC928D8BB3D000DC8E2 /* Release */ = {
			isa = XCBuildConfiguration;
			buildSettings = {
				ASSETCATALOG_COMPILER_APPICON_NAME = AppIcon;
				ASSETCATALOG_COMPILER_GLOBAL_ACCENT_COLOR_NAME = AccentColor;
				CODE_SIGN_STYLE = Automatic;
				CURRENT_PROJECT_VERSION = 1;
				DEVELOPMENT_ASSET_PATHS = "\"ShapeMorphingAnimation/Preview Content\"";
				DEVELOPMENT_TEAM = X68879DLV5;
				ENABLE_PREVIEWS = YES;
				GENERATE_INFOPLIST_FILE = YES;
				INFOPLIST_KEY_UIApplicationSceneManifest_Generation = YES;
				INFOPLIST_KEY_UIApplicationSupportsIndirectInputEvents = YES;
				INFOPLIST_KEY_UILaunchScreen_Generation = YES;
				INFOPLIST_KEY_UISupportedInterfaceOrientations_iPad = "UIInterfaceOrientationPortrait UIInterfaceOrientationPortraitUpsideDown UIInterfaceOrientationLandscapeLeft UIInterfaceOrientationLandscapeRight";
				INFOPLIST_KEY_UISupportedInterfaceOrientations_iPhone = "UIInterfaceOrientationPortrait UIInterfaceOrientationLandscapeLeft UIInterfaceOrientationLandscapeRight";
				LD_RUNPATH_SEARCH_PATHS = (
					"$(inherited)",
					"@executable_path/Frameworks",
				);
				MARKETING_VERSION = 1.0;
				PRODUCT_BUNDLE_IDENTIFIER = com.bowtie.ShapeMorphingAnimation;
				PRODUCT_NAME = "$(TARGET_NAME)";
				SWIFT_EMIT_LOC_STRINGS = YES;
				SWIFT_VERSION = 5.0;
				TARGETED_DEVICE_FAMILY = "1,2";
			};
			name = Release;
		};
/* End XCBuildConfiguration section */

/* Begin XCConfigurationList section */
		99EC7BB428D8BB3B000DC8E2 /* Build configuration list for PBXProject "ShapeMorphingAnimation" */ = {
			isa = XCConfigurationList;
			buildConfigurations = (
				99EC7BC528D8BB3D000DC8E2 /* Debug */,
				99EC7BC628D8BB3D000DC8E2 /* Release */,
			);
			defaultConfigurationIsVisible = 0;
			defaultConfigurationName = Release;
		};
		99EC7BC728D8BB3D000DC8E2 /* Build configuration list for PBXNativeTarget "ShapeMorphingAnimation" */ = {
			isa = XCConfigurationList;
			buildConfigurations = (
				99EC7BC828D8BB3D000DC8E2 /* Debug */,
				99EC7BC928D8BB3D000DC8E2 /* Release */,
			);
			defaultConfigurationIsVisible = 0;
			defaultConfigurationName = Release;
		};
/* End XCConfigurationList section */
	};
	rootObject = 99EC7BB128D8BB3B000DC8E2 /* Project object */;
}
